
Microsoft Visual Studio Solution File, Format Version 12.00
# Visual Studio Version 17
VisualStudioVersion = 17.5.33424.131
MinimumVisualStudioVersion = 10.0.40219.1
Project("{FAE04EC0-301F-11D3-BF4B-00C04F79EFBC}") = "game", "game.csproj", "{4DCD913A-AC23-47A6-93A9-D3E392CD3B6A}"
EndProject
Global
	GlobalSection(SolutionConfigurationPlatforms) = preSolution
		Debug|Any CPU = Debug|Any CPU
		Release|Any CPU = Release|Any CPU
	EndGlobalSection
	GlobalSection(ProjectConfigurationPlatforms) = postSolution
		{4DCD913A-AC23-47A6-93A9-D3E392CD3B6A}.Debug|Any CPU.ActiveCfg = Debug|Any CPU
		{4DCD913A-AC23-47A6-93A9-D3E392CD3B6A}.Debug|Any CPU.Build.0 = Debug|Any CPU
		{4DCD913A-AC23-47A6-93A9-D3E392CD3B6A}.Release|Any CPU.ActiveCfg = Release|Any CPU
		{4DCD913A-AC23-47A6-93A9-D3E392CD3B6A}.Release|Any CPU.Build.0 = Release|Any CPU
	EndGlobalSection
	GlobalSection(SolutionProperties) = preSolution
		HideSolutionNode = FALSE
	EndGlobalSection
	GlobalSection(ExtensibilityGlobals) = postSolution
		SolutionGuid = {F46543CA-8F0E-4CC7-89A8-1343EBF616AC}
	EndGlobalSection
EndGlobal
